<?xml version="1.0" encoding="utf-8"?>
<Project ToolsVersion="4.0" xmlns="http://schemas.microsoft.com/developer/msbuild/2003">
  <ItemGroup>
    <Filter Include="Source Files">
      <UniqueIdentifier>{352fe6ca-a37a-44cb-91c0-5672dd2ee286}</UniqueIdentifier>
      <Extensions>cpp;c;cxx;rc;def;r;odl;idl;hpj;bat</Extensions>
    </Filter>
    <Filter Include="Header Files">
      <UniqueIdentifier>{9ed3df01-9ba0-4dc8-8a5f-74755739c539}</UniqueIdentifier>
      <Extensions>h;hpp;hxx;hm;inl</Extensions>
    </Filter>
    <Filter Include="Resource Files">
      <UniqueIdentifier>{c7ccf92b-6bc4-4ae2-b6f4-ed8bafb547ad}</UniqueIdentifier>
      <Extensions>ico;cur;bmp;dlg;rc2;rct;bin;rgs;gif;jpg;jpeg;jpe</Extensions>
    </Filter>
  </ItemGroup>
  <ItemGroup>
    <ClCompile Include="fister\Buffer.cpp">
      <Filter>Source Files</Filter>
    </ClCompile>
    <ClCompile Include="hook.cpp">
      <Filter>Source Files</Filter>
    </ClCompile>
    <ClCompile Include="hookEvent.cpp">
      <Filter>Source Files</Filter>
    </ClCompile>
    <ClCompile Include="screen2swf.cpp">
      <Filter>Source Files</Filter>
    </ClCompile>
    <ClCompile Include="fister\SoundBase.cpp">
      <Filter>Source Files</Filter>
    </ClCompile>
    <ClCompile Include="fister\SoundFile.cpp">
      <Filter>Source Files</Filter>
    </ClCompile>
    <ClCompile Include="StdAfx.cpp">
      <Filter>Source Files</Filter>
    </ClCompile>
  </ItemGroup>
  <ItemGroup>
    <None Include="screen2swf.def">
      <Filter>Source Files</Filter>
    </None>
    <None Include="res\screen2swf.rc2">
      <Filter>Resource Files</Filter>
    </None>
    <None Include="ReadMe.txt" />
  </ItemGroup>
  <ItemGroup>
    <ResourceCompile Include="screen2swf.rc">
      <Filter>Source Files</Filter>
    </ResourceCompile>
  </ItemGroup>
  <ItemGroup>
    <ClInclude Include="fister\Buffer.h">
      <Filter>Header Files</Filter>
    </ClInclude>
    <ClInclude Include="hook.h">
      <Filter>Header Files</Filter>
    </ClInclude>
    <ClInclude Include="Resource.h">
      <Filter>Header Files</Filter>
    </ClInclude>
    <ClInclude Include="screen2swf.h">
      <Filter>Header Files</Filter>
    </ClInclude>
    <ClInclude Include="fister\SoundBase.h">
      <Filter>Header Files</Filter>
    </ClInclude>
    <ClInclude Include="fister\SoundFile.h">
      <Filter>Header Files</Filter>
    </ClInclude>
    <ClInclude Include="StdAfx.h">
      <Filter>Header Files</Filter>
    </ClInclude>
  </ItemGroup>
</Project>