
Microsoft Visual Studio Solution File, Format Version 10.00
# Visual Studio 2008
Project("{8BC9CEB8-8B4A-11D0-8D11-00A0C91BC942}") = "OSCSHELL", "OSCSHELL.vcproj", "{ED477F8B-3241-434F-B291-E6BE3C949E11}"
EndProject
Project("{8BC9CEB8-8B4A-11D0-8D11-00A0C91BC942}") = "OSCShellApp", "..\OSCShellApp\OSCShellApp.vcproj", "{15E1AE74-BF36-4131-871E-2233EEFE2639}"
	ProjectSection(ProjectDependencies) = postProject
		{ED477F8B-3241-434F-B291-E6BE3C949E11} = {ED477F8B-3241-434F-B291-E6BE3C949E11}
	EndProjectSection
EndProject
Project("{8BC9CEB8-8B4A-11D0-8D11-00A0C91BC942}") = "TestOSCShell", "..\..\TestOSCShell\TestOSCShell\TestOSCShell.vcproj", "{53AA0F37-4BEB-404D-885C-570940D9C296}"
EndProject
Project("{8BC9CEB8-8B4A-11D0-8D11-00A0C91BC942}") = "recordView", "..\recordView\screen2swf\screen2swf.vcproj", "{B34176DA-B078-44F1-B3AB-EF67AE8DE9A2}"
EndProject
Project("{8BC9CEB8-8B4A-11D0-8D11-00A0C91BC942}") = "NFS", "..\NFS\NFS.vcproj", "{BEC14E92-C7D7-4CF9-923F-7EA3BCE0FD4D}"
EndProject
Project("{8BC9CEB8-8B4A-11D0-8D11-00A0C91BC942}") = "IEHelper", "..\IEHelper\IEHelper.vcproj", "{0A138DDB-7032-4B03-B572-1BFB1BDCC927}"
EndProject
Project("{8BC9CEB8-8B4A-11D0-8D11-00A0C91BC942}") = "OSCConfig", "..\OSCConfig\OSCConfig.vcproj", "{419A7087-39F4-470D-B20C-0416CECB8B70}"
EndProject
Project("{8BC9CEB8-8B4A-11D0-8D11-00A0C91BC942}") = "TestLoginWindows", "..\TestLoginWindows\TestLoginWindows.vcproj", "{965404E6-603D-4A24-ADD4-AAF8EED93F0F}"
EndProject
Project("{54435603-DBB4-11D2-8724-00A0C9A8B90C}") = "OSCSetup", "..\OSCSetup\OSCSetup.vdproj", "{4FCDD0C7-8DC4-48FE-A55E-7E8B4C568CC4}"
EndProject
Project("{8BC9CEB8-8B4A-11D0-8D11-00A0C91BC942}") = "CompareVideo", "..\CompareVideo\CompareVideo.vcproj", "{EFA21098-51C1-4537-83DB-3251A2DDE1B1}"
EndProject
Project("{8BC9CEB8-8B4A-11D0-8D11-00A0C91BC942}") = "ZOSsso", "..\ZOSsso\ZOSsso.vcproj", "{95D2529C-B05A-4150-A183-4665FD8F6C58}"
EndProject
Project("{8BC9CEB8-8B4A-11D0-8D11-00A0C91BC942}") = "ParaClient", "..\ParaClient\ParaClient.vcproj", "{3A26A403-5AA4-4730-945B-A07C1330FC81}"
EndProject
Global
	GlobalSection(SolutionConfigurationPlatforms) = preSolution
		Debug|Win32 = Debug|Win32
		Debug|x64 = Debug|x64
		Release MinDependency|Win32 = Release MinDependency|Win32
		Release MinDependency|x64 = Release MinDependency|x64
		Release MinSize|Win32 = Release MinSize|Win32
		Release MinSize|x64 = Release MinSize|x64
		Release|Win32 = Release|Win32
		Release|x64 = Release|x64
		Unicode Debug|Win32 = Unicode Debug|Win32
		Unicode Debug|x64 = Unicode Debug|x64
		Unicode Release MinDependency|Win32 = Unicode Release MinDependency|Win32
		Unicode Release MinDependency|x64 = Unicode Release MinDependency|x64
		Unicode Release MinSize|Win32 = Unicode Release MinSize|Win32
		Unicode Release MinSize|x64 = Unicode Release MinSize|x64
	EndGlobalSection
	GlobalSection(ProjectConfigurationPlatforms) = postSolution
		{ED477F8B-3241-434F-B291-E6BE3C949E11}.Debug|Win32.ActiveCfg = Debug|Win32
		{ED477F8B-3241-434F-B291-E6BE3C949E11}.Debug|Win32.Build.0 = Debug|Win32
		{ED477F8B-3241-434F-B291-E6BE3C949E11}.Debug|x64.ActiveCfg = Debug|x64
		{ED477F8B-3241-434F-B291-E6BE3C949E11}.Debug|x64.Build.0 = Debug|x64
		{ED477F8B-3241-434F-B291-E6BE3C949E11}.Release MinDependency|Win32.ActiveCfg = Release|x64
		{ED477F8B-3241-434F-B291-E6BE3C949E11}.Release MinDependency|x64.ActiveCfg = Release|x64
		{ED477F8B-3241-434F-B291-E6BE3C949E11}.Release MinDependency|x64.Build.0 = Release|x64
		{ED477F8B-3241-434F-B291-E6BE3C949E11}.Release MinSize|Win32.ActiveCfg = Release|x64
		{ED477F8B-3241-434F-B291-E6BE3C949E11}.Release MinSize|x64.ActiveCfg = Release|x64
		{ED477F8B-3241-434F-B291-E6BE3C949E11}.Release MinSize|x64.Build.0 = Release|x64
		{ED477F8B-3241-434F-B291-E6BE3C949E11}.Release|Win32.ActiveCfg = Release|Win32
		{ED477F8B-3241-434F-B291-E6BE3C949E11}.Release|Win32.Build.0 = Release|Win32
		{ED477F8B-3241-434F-B291-E6BE3C949E11}.Release|x64.ActiveCfg = Release|x64
		{ED477F8B-3241-434F-B291-E6BE3C949E11}.Release|x64.Build.0 = Release|x64
		{ED477F8B-3241-434F-B291-E6BE3C949E11}.Unicode Debug|Win32.ActiveCfg = Debug|Win32
		{ED477F8B-3241-434F-B291-E6BE3C949E11}.Unicode Debug|Win32.Build.0 = Debug|Win32
		{ED477F8B-3241-434F-B291-E6BE3C949E11}.Unicode Debug|x64.ActiveCfg = Debug|x64
		{ED477F8B-3241-434F-B291-E6BE3C949E11}.Unicode Debug|x64.Build.0 = Debug|x64
		{ED477F8B-3241-434F-B291-E6BE3C949E11}.Unicode Release MinDependency|Win32.ActiveCfg = Release|x64
		{ED477F8B-3241-434F-B291-E6BE3C949E11}.Unicode Release MinDependency|x64.ActiveCfg = Release|x64
		{ED477F8B-3241-434F-B291-E6BE3C949E11}.Unicode Release MinDependency|x64.Build.0 = Release|x64
		{ED477F8B-3241-434F-B291-E6BE3C949E11}.Unicode Release MinSize|Win32.ActiveCfg = Release|x64
		{ED477F8B-3241-434F-B291-E6BE3C949E11}.Unicode Release MinSize|x64.ActiveCfg = Release|x64
		{ED477F8B-3241-434F-B291-E6BE3C949E11}.Unicode Release MinSize|x64.Build.0 = Release|x64
		{15E1AE74-BF36-4131-871E-2233EEFE2639}.Debug|Win32.ActiveCfg = Debug|Win32
		{15E1AE74-BF36-4131-871E-2233EEFE2639}.Debug|Win32.Build.0 = Debug|Win32
		{15E1AE74-BF36-4131-871E-2233EEFE2639}.Debug|x64.ActiveCfg = Debug|x64
		{15E1AE74-BF36-4131-871E-2233EEFE2639}.Debug|x64.Build.0 = Debug|x64
		{15E1AE74-BF36-4131-871E-2233EEFE2639}.Release MinDependency|Win32.ActiveCfg = Release|x64
		{15E1AE74-BF36-4131-871E-2233EEFE2639}.Release MinDependency|x64.ActiveCfg = Release|x64
		{15E1AE74-BF36-4131-871E-2233EEFE2639}.Release MinDependency|x64.Build.0 = Release|x64
		{15E1AE74-BF36-4131-871E-2233EEFE2639}.Release MinSize|Win32.ActiveCfg = Release|x64
		{15E1AE74-BF36-4131-871E-2233EEFE2639}.Release MinSize|x64.ActiveCfg = Release|x64
		{15E1AE74-BF36-4131-871E-2233EEFE2639}.Release MinSize|x64.Build.0 = Release|x64
		{15E1AE74-BF36-4131-871E-2233EEFE2639}.Release|Win32.ActiveCfg = Release|Win32
		{15E1AE74-BF36-4131-871E-2233EEFE2639}.Release|Win32.Build.0 = Release|Win32
		{15E1AE74-BF36-4131-871E-2233EEFE2639}.Release|x64.ActiveCfg = Release|x64
		{15E1AE74-BF36-4131-871E-2233EEFE2639}.Release|x64.Build.0 = Release|x64
		{15E1AE74-BF36-4131-871E-2233EEFE2639}.Unicode Debug|Win32.ActiveCfg = Debug|Win32
		{15E1AE74-BF36-4131-871E-2233EEFE2639}.Unicode Debug|Win32.Build.0 = Debug|Win32
		{15E1AE74-BF36-4131-871E-2233EEFE2639}.Unicode Debug|x64.ActiveCfg = Debug|x64
		{15E1AE74-BF36-4131-871E-2233EEFE2639}.Unicode Debug|x64.Build.0 = Debug|x64
		{15E1AE74-BF36-4131-871E-2233EEFE2639}.Unicode Release MinDependency|Win32.ActiveCfg = Release|x64
		{15E1AE74-BF36-4131-871E-2233EEFE2639}.Unicode Release MinDependency|x64.ActiveCfg = Release|x64
		{15E1AE74-BF36-4131-871E-2233EEFE2639}.Unicode Release MinDependency|x64.Build.0 = Release|x64
		{15E1AE74-BF36-4131-871E-2233EEFE2639}.Unicode Release MinSize|Win32.ActiveCfg = Release|x64
		{15E1AE74-BF36-4131-871E-2233EEFE2639}.Unicode Release MinSize|x64.ActiveCfg = Release|x64
		{15E1AE74-BF36-4131-871E-2233EEFE2639}.Unicode Release MinSize|x64.Build.0 = Release|x64
		{53AA0F37-4BEB-404D-885C-570940D9C296}.Debug|Win32.ActiveCfg = Debug|Win32
		{53AA0F37-4BEB-404D-885C-570940D9C296}.Debug|Win32.Build.0 = Debug|Win32
		{53AA0F37-4BEB-404D-885C-570940D9C296}.Debug|x64.ActiveCfg = Debug|x64
		{53AA0F37-4BEB-404D-885C-570940D9C296}.Release MinDependency|Win32.ActiveCfg = Release|Win32
		{53AA0F37-4BEB-404D-885C-570940D9C296}.Release MinDependency|Win32.Build.0 = Release|Win32
		{53AA0F37-4BEB-404D-885C-570940D9C296}.Release MinDependency|x64.ActiveCfg = Release|Win32
		{53AA0F37-4BEB-404D-885C-570940D9C296}.Release MinSize|Win32.ActiveCfg = Release|Win32
		{53AA0F37-4BEB-404D-885C-570940D9C296}.Release MinSize|Win32.Build.0 = Release|Win32
		{53AA0F37-4BEB-404D-885C-570940D9C296}.Release MinSize|x64.ActiveCfg = Release|Win32
		{53AA0F37-4BEB-404D-885C-570940D9C296}.Release|Win32.ActiveCfg = Release|Win32
		{53AA0F37-4BEB-404D-885C-570940D9C296}.Release|Win32.Build.0 = Release|Win32
		{53AA0F37-4BEB-404D-885C-570940D9C296}.Release|x64.ActiveCfg = Release|Win32
		{53AA0F37-4BEB-404D-885C-570940D9C296}.Release|x64.Build.0 = Release|Win32
		{53AA0F37-4BEB-404D-885C-570940D9C296}.Unicode Debug|Win32.ActiveCfg = Debug|Win32
		{53AA0F37-4BEB-404D-885C-570940D9C296}.Unicode Debug|Win32.Build.0 = Debug|Win32
		{53AA0F37-4BEB-404D-885C-570940D9C296}.Unicode Debug|x64.ActiveCfg = Debug|Win32
		{53AA0F37-4BEB-404D-885C-570940D9C296}.Unicode Release MinDependency|Win32.ActiveCfg = Release|Win32
		{53AA0F37-4BEB-404D-885C-570940D9C296}.Unicode Release MinDependency|Win32.Build.0 = Release|Win32
		{53AA0F37-4BEB-404D-885C-570940D9C296}.Unicode Release MinDependency|x64.ActiveCfg = Release|Win32
		{53AA0F37-4BEB-404D-885C-570940D9C296}.Unicode Release MinSize|Win32.ActiveCfg = Release|Win32
		{53AA0F37-4BEB-404D-885C-570940D9C296}.Unicode Release MinSize|Win32.Build.0 = Release|Win32
		{53AA0F37-4BEB-404D-885C-570940D9C296}.Unicode Release MinSize|x64.ActiveCfg = Release|Win32
		{B34176DA-B078-44F1-B3AB-EF67AE8DE9A2}.Debug|Win32.ActiveCfg = Debug|Win32
		{B34176DA-B078-44F1-B3AB-EF67AE8DE9A2}.Debug|Win32.Build.0 = Debug|Win32
		{B34176DA-B078-44F1-B3AB-EF67AE8DE9A2}.Debug|x64.ActiveCfg = Debug|x64
		{B34176DA-B078-44F1-B3AB-EF67AE8DE9A2}.Debug|x64.Build.0 = Debug|x64
		{B34176DA-B078-44F1-B3AB-EF67AE8DE9A2}.Release MinDependency|Win32.ActiveCfg = Release|x64
		{B34176DA-B078-44F1-B3AB-EF67AE8DE9A2}.Release MinDependency|x64.ActiveCfg = Release|x64
		{B34176DA-B078-44F1-B3AB-EF67AE8DE9A2}.Release MinDependency|x64.Build.0 = Release|x64
		{B34176DA-B078-44F1-B3AB-EF67AE8DE9A2}.Release MinSize|Win32.ActiveCfg = Release|x64
		{B34176DA-B078-44F1-B3AB-EF67AE8DE9A2}.Release MinSize|x64.ActiveCfg = Release|x64
		{B34176DA-B078-44F1-B3AB-EF67AE8DE9A2}.Release MinSize|x64.Build.0 = Release|x64
		{B34176DA-B078-44F1-B3AB-EF67AE8DE9A2}.Release|Win32.ActiveCfg = Release|Win32
		{B34176DA-B078-44F1-B3AB-EF67AE8DE9A2}.Release|Win32.Build.0 = Release|Win32
		{B34176DA-B078-44F1-B3AB-EF67AE8DE9A2}.Release|x64.ActiveCfg = Release|x64
		{B34176DA-B078-44F1-B3AB-EF67AE8DE9A2}.Release|x64.Build.0 = Release|x64
		{B34176DA-B078-44F1-B3AB-EF67AE8DE9A2}.Unicode Debug|Win32.ActiveCfg = Debug|Win32
		{B34176DA-B078-44F1-B3AB-EF67AE8DE9A2}.Unicode Debug|Win32.Build.0 = Debug|Win32
		{B34176DA-B078-44F1-B3AB-EF67AE8DE9A2}.Unicode Debug|x64.ActiveCfg = Debug|x64
		{B34176DA-B078-44F1-B3AB-EF67AE8DE9A2}.Unicode Debug|x64.Build.0 = Debug|x64
		{B34176DA-B078-44F1-B3AB-EF67AE8DE9A2}.Unicode Release MinDependency|Win32.ActiveCfg = Release|x64
		{B34176DA-B078-44F1-B3AB-EF67AE8DE9A2}.Unicode Release MinDependency|x64.ActiveCfg = Release|x64
		{B34176DA-B078-44F1-B3AB-EF67AE8DE9A2}.Unicode Release MinDependency|x64.Build.0 = Release|x64
		{B34176DA-B078-44F1-B3AB-EF67AE8DE9A2}.Unicode Release MinSize|Win32.ActiveCfg = Release|x64
		{B34176DA-B078-44F1-B3AB-EF67AE8DE9A2}.Unicode Release MinSize|x64.ActiveCfg = Release|x64
		{B34176DA-B078-44F1-B3AB-EF67AE8DE9A2}.Unicode Release MinSize|x64.Build.0 = Release|x64
		{BEC14E92-C7D7-4CF9-923F-7EA3BCE0FD4D}.Debug|Win32.ActiveCfg = Debug|Win32
		{BEC14E92-C7D7-4CF9-923F-7EA3BCE0FD4D}.Debug|Win32.Build.0 = Debug|Win32
		{BEC14E92-C7D7-4CF9-923F-7EA3BCE0FD4D}.Debug|x64.ActiveCfg = Debug|Win32
		{BEC14E92-C7D7-4CF9-923F-7EA3BCE0FD4D}.Release MinDependency|Win32.ActiveCfg = Release MinDependency|Win32
		{BEC14E92-C7D7-4CF9-923F-7EA3BCE0FD4D}.Release MinDependency|Win32.Build.0 = Release MinDependency|Win32
		{BEC14E92-C7D7-4CF9-923F-7EA3BCE0FD4D}.Release MinDependency|x64.ActiveCfg = Release MinDependency|Win32
		{BEC14E92-C7D7-4CF9-923F-7EA3BCE0FD4D}.Release MinSize|Win32.ActiveCfg = Release MinSize|Win32
		{BEC14E92-C7D7-4CF9-923F-7EA3BCE0FD4D}.Release MinSize|Win32.Build.0 = Release MinSize|Win32
		{BEC14E92-C7D7-4CF9-923F-7EA3BCE0FD4D}.Release MinSize|x64.ActiveCfg = Release MinSize|Win32
		{BEC14E92-C7D7-4CF9-923F-7EA3BCE0FD4D}.Release|Win32.ActiveCfg = Release MinDependency|x64
		{BEC14E92-C7D7-4CF9-923F-7EA3BCE0FD4D}.Release|Win32.Build.0 = Release MinDependency|x64
		{BEC14E92-C7D7-4CF9-923F-7EA3BCE0FD4D}.Release|x64.ActiveCfg = Release MinDependency|x64
		{BEC14E92-C7D7-4CF9-923F-7EA3BCE0FD4D}.Release|x64.Build.0 = Release MinDependency|x64
		{BEC14E92-C7D7-4CF9-923F-7EA3BCE0FD4D}.Unicode Debug|Win32.ActiveCfg = Unicode Debug|Win32
		{BEC14E92-C7D7-4CF9-923F-7EA3BCE0FD4D}.Unicode Debug|Win32.Build.0 = Unicode Debug|Win32
		{BEC14E92-C7D7-4CF9-923F-7EA3BCE0FD4D}.Unicode Debug|x64.ActiveCfg = Unicode Debug|Win32
		{BEC14E92-C7D7-4CF9-923F-7EA3BCE0FD4D}.Unicode Release MinDependency|Win32.ActiveCfg = Unicode Release MinDependency|Win32
		{BEC14E92-C7D7-4CF9-923F-7EA3BCE0FD4D}.Unicode Release MinDependency|Win32.Build.0 = Unicode Release MinDependency|Win32
		{BEC14E92-C7D7-4CF9-923F-7EA3BCE0FD4D}.Unicode Release MinDependency|x64.ActiveCfg = Unicode Release MinDependency|Win32
		{BEC14E92-C7D7-4CF9-923F-7EA3BCE0FD4D}.Unicode Release MinSize|Win32.ActiveCfg = Unicode Release MinSize|Win32
		{BEC14E92-C7D7-4CF9-923F-7EA3BCE0FD4D}.Unicode Release MinSize|Win32.Build.0 = Unicode Release MinSize|Win32
		{BEC14E92-C7D7-4CF9-923F-7EA3BCE0FD4D}.Unicode Release MinSize|x64.ActiveCfg = Unicode Release MinSize|Win32
		{0A138DDB-7032-4B03-B572-1BFB1BDCC927}.Debug|Win32.ActiveCfg = Debug|Win32
		{0A138DDB-7032-4B03-B572-1BFB1BDCC927}.Debug|Win32.Build.0 = Debug|Win32
		{0A138DDB-7032-4B03-B572-1BFB1BDCC927}.Debug|x64.ActiveCfg = Debug|x64
		{0A138DDB-7032-4B03-B572-1BFB1BDCC927}.Debug|x64.Build.0 = Debug|x64
		{0A138DDB-7032-4B03-B572-1BFB1BDCC927}.Release MinDependency|Win32.ActiveCfg = Release|x64
		{0A138DDB-7032-4B03-B572-1BFB1BDCC927}.Release MinDependency|x64.ActiveCfg = Release|x64
		{0A138DDB-7032-4B03-B572-1BFB1BDCC927}.Release MinDependency|x64.Build.0 = Release|x64
		{0A138DDB-7032-4B03-B572-1BFB1BDCC927}.Release MinSize|Win32.ActiveCfg = Release|x64
		{0A138DDB-7032-4B03-B572-1BFB1BDCC927}.Release MinSize|x64.ActiveCfg = Release|x64
		{0A138DDB-7032-4B03-B572-1BFB1BDCC927}.Release MinSize|x64.Build.0 = Release|x64
		{0A138DDB-7032-4B03-B572-1BFB1BDCC927}.Release|Win32.ActiveCfg = Release|Win32
		{0A138DDB-7032-4B03-B572-1BFB1BDCC927}.Release|Win32.Build.0 = Release|Win32
		{0A138DDB-7032-4B03-B572-1BFB1BDCC927}.Release|x64.ActiveCfg = Release|x64
		{0A138DDB-7032-4B03-B572-1BFB1BDCC927}.Release|x64.Build.0 = Release|x64
		{0A138DDB-7032-4B03-B572-1BFB1BDCC927}.Unicode Debug|Win32.ActiveCfg = Debug|Win32
		{0A138DDB-7032-4B03-B572-1BFB1BDCC927}.Unicode Debug|Win32.Build.0 = Debug|Win32
		{0A138DDB-7032-4B03-B572-1BFB1BDCC927}.Unicode Debug|x64.ActiveCfg = Debug|x64
		{0A138DDB-7032-4B03-B572-1BFB1BDCC927}.Unicode Debug|x64.Build.0 = Debug|x64
		{0A138DDB-7032-4B03-B572-1BFB1BDCC927}.Unicode Release MinDependency|Win32.ActiveCfg = Release|x64
		{0A138DDB-7032-4B03-B572-1BFB1BDCC927}.Unicode Release MinDependency|x64.ActiveCfg = Release|x64
		{0A138DDB-7032-4B03-B572-1BFB1BDCC927}.Unicode Release MinDependency|x64.Build.0 = Release|x64
		{0A138DDB-7032-4B03-B572-1BFB1BDCC927}.Unicode Release MinSize|Win32.ActiveCfg = Release|x64
		{0A138DDB-7032-4B03-B572-1BFB1BDCC927}.Unicode Release MinSize|x64.ActiveCfg = Release|x64
		{0A138DDB-7032-4B03-B572-1BFB1BDCC927}.Unicode Release MinSize|x64.Build.0 = Release|x64
		{419A7087-39F4-470D-B20C-0416CECB8B70}.Debug|Win32.ActiveCfg = Debug|Win32
		{419A7087-39F4-470D-B20C-0416CECB8B70}.Debug|Win32.Build.0 = Debug|Win32
		{419A7087-39F4-470D-B20C-0416CECB8B70}.Debug|x64.ActiveCfg = Debug|x64
		{419A7087-39F4-470D-B20C-0416CECB8B70}.Release MinDependency|Win32.ActiveCfg = Release|Win32
		{419A7087-39F4-470D-B20C-0416CECB8B70}.Release MinDependency|Win32.Build.0 = Release|Win32
		{419A7087-39F4-470D-B20C-0416CECB8B70}.Release MinDependency|x64.ActiveCfg = Release|Win32
		{419A7087-39F4-470D-B20C-0416CECB8B70}.Release MinSize|Win32.ActiveCfg = Release|Win32
		{419A7087-39F4-470D-B20C-0416CECB8B70}.Release MinSize|Win32.Build.0 = Release|Win32
		{419A7087-39F4-470D-B20C-0416CECB8B70}.Release MinSize|x64.ActiveCfg = Release|Win32
		{419A7087-39F4-470D-B20C-0416CECB8B70}.Release|Win32.ActiveCfg = Release|Win32
		{419A7087-39F4-470D-B20C-0416CECB8B70}.Release|Win32.Build.0 = Release|Win32
		{419A7087-39F4-470D-B20C-0416CECB8B70}.Release|x64.ActiveCfg = Release|Win32
		{419A7087-39F4-470D-B20C-0416CECB8B70}.Unicode Debug|Win32.ActiveCfg = Debug|Win32
		{419A7087-39F4-470D-B20C-0416CECB8B70}.Unicode Debug|Win32.Build.0 = Debug|Win32
		{419A7087-39F4-470D-B20C-0416CECB8B70}.Unicode Debug|x64.ActiveCfg = Debug|Win32
		{419A7087-39F4-470D-B20C-0416CECB8B70}.Unicode Release MinDependency|Win32.ActiveCfg = Release|Win32
		{419A7087-39F4-470D-B20C-0416CECB8B70}.Unicode Release MinDependency|Win32.Build.0 = Release|Win32
		{419A7087-39F4-470D-B20C-0416CECB8B70}.Unicode Release MinDependency|x64.ActiveCfg = Release|Win32
		{419A7087-39F4-470D-B20C-0416CECB8B70}.Unicode Release MinSize|Win32.ActiveCfg = Release|Win32
		{419A7087-39F4-470D-B20C-0416CECB8B70}.Unicode Release MinSize|Win32.Build.0 = Release|Win32
		{419A7087-39F4-470D-B20C-0416CECB8B70}.Unicode Release MinSize|x64.ActiveCfg = Release|Win32
		{965404E6-603D-4A24-ADD4-AAF8EED93F0F}.Debug|Win32.ActiveCfg = Debug|Win32
		{965404E6-603D-4A24-ADD4-AAF8EED93F0F}.Debug|Win32.Build.0 = Debug|Win32
		{965404E6-603D-4A24-ADD4-AAF8EED93F0F}.Debug|x64.ActiveCfg = Debug|Win32
		{965404E6-603D-4A24-ADD4-AAF8EED93F0F}.Release MinDependency|Win32.ActiveCfg = Release|x64
		{965404E6-603D-4A24-ADD4-AAF8EED93F0F}.Release MinDependency|x64.ActiveCfg = Release|x64
		{965404E6-603D-4A24-ADD4-AAF8EED93F0F}.Release MinDependency|x64.Build.0 = Release|x64
		{965404E6-603D-4A24-ADD4-AAF8EED93F0F}.Release MinSize|Win32.ActiveCfg = Release|x64
		{965404E6-603D-4A24-ADD4-AAF8EED93F0F}.Release MinSize|x64.ActiveCfg = Release|x64
		{965404E6-603D-4A24-ADD4-AAF8EED93F0F}.Release MinSize|x64.Build.0 = Release|x64
		{965404E6-603D-4A24-ADD4-AAF8EED93F0F}.Release|Win32.ActiveCfg = Release|Win32
		{965404E6-603D-4A24-ADD4-AAF8EED93F0F}.Release|Win32.Build.0 = Release|Win32
		{965404E6-603D-4A24-ADD4-AAF8EED93F0F}.Release|x64.ActiveCfg = Release|Win32
		{965404E6-603D-4A24-ADD4-AAF8EED93F0F}.Release|x64.Build.0 = Release|Win32
		{965404E6-603D-4A24-ADD4-AAF8EED93F0F}.Unicode Debug|Win32.ActiveCfg = Debug|Win32
		{965404E6-603D-4A24-ADD4-AAF8EED93F0F}.Unicode Debug|Win32.Build.0 = Debug|Win32
		{965404E6-603D-4A24-ADD4-AAF8EED93F0F}.Unicode Debug|x64.ActiveCfg = Debug|x64
		{965404E6-603D-4A24-ADD4-AAF8EED93F0F}.Unicode Debug|x64.Build.0 = Debug|x64
		{965404E6-603D-4A24-ADD4-AAF8EED93F0F}.Unicode Release MinDependency|Win32.ActiveCfg = Release|x64
		{965404E6-603D-4A24-ADD4-AAF8EED93F0F}.Unicode Release MinDependency|x64.ActiveCfg = Release|x64
		{965404E6-603D-4A24-ADD4-AAF8EED93F0F}.Unicode Release MinDependency|x64.Build.0 = Release|x64
		{965404E6-603D-4A24-ADD4-AAF8EED93F0F}.Unicode Release MinSize|Win32.ActiveCfg = Release|x64
		{965404E6-603D-4A24-ADD4-AAF8EED93F0F}.Unicode Release MinSize|x64.ActiveCfg = Release|x64
		{965404E6-603D-4A24-ADD4-AAF8EED93F0F}.Unicode Release MinSize|x64.Build.0 = Release|x64
		{4FCDD0C7-8DC4-48FE-A55E-7E8B4C568CC4}.Debug|Win32.ActiveCfg = Debug
		{4FCDD0C7-8DC4-48FE-A55E-7E8B4C568CC4}.Debug|x64.ActiveCfg = Debug
		{4FCDD0C7-8DC4-48FE-A55E-7E8B4C568CC4}.Release MinDependency|Win32.ActiveCfg = Release
		{4FCDD0C7-8DC4-48FE-A55E-7E8B4C568CC4}.Release MinDependency|x64.ActiveCfg = Release
		{4FCDD0C7-8DC4-48FE-A55E-7E8B4C568CC4}.Release MinSize|Win32.ActiveCfg = Release
		{4FCDD0C7-8DC4-48FE-A55E-7E8B4C568CC4}.Release MinSize|x64.ActiveCfg = Release
		{4FCDD0C7-8DC4-48FE-A55E-7E8B4C568CC4}.Release|Win32.ActiveCfg = Release
		{4FCDD0C7-8DC4-48FE-A55E-7E8B4C568CC4}.Release|x64.ActiveCfg = Release
		{4FCDD0C7-8DC4-48FE-A55E-7E8B4C568CC4}.Unicode Debug|Win32.ActiveCfg = Debug
		{4FCDD0C7-8DC4-48FE-A55E-7E8B4C568CC4}.Unicode Debug|x64.ActiveCfg = Debug
		{4FCDD0C7-8DC4-48FE-A55E-7E8B4C568CC4}.Unicode Release MinDependency|Win32.ActiveCfg = Release
		{4FCDD0C7-8DC4-48FE-A55E-7E8B4C568CC4}.Unicode Release MinDependency|x64.ActiveCfg = Release
		{4FCDD0C7-8DC4-48FE-A55E-7E8B4C568CC4}.Unicode Release MinSize|Win32.ActiveCfg = Release
		{4FCDD0C7-8DC4-48FE-A55E-7E8B4C568CC4}.Unicode Release MinSize|x64.ActiveCfg = Release
		{EFA21098-51C1-4537-83DB-3251A2DDE1B1}.Debug|Win32.ActiveCfg = Debug|Win32
		{EFA21098-51C1-4537-83DB-3251A2DDE1B1}.Debug|Win32.Build.0 = Debug|Win32
		{EFA21098-51C1-4537-83DB-3251A2DDE1B1}.Debug|x64.ActiveCfg = Debug|Win32
		{EFA21098-51C1-4537-83DB-3251A2DDE1B1}.Release MinDependency|Win32.ActiveCfg = Release|Win32
		{EFA21098-51C1-4537-83DB-3251A2DDE1B1}.Release MinDependency|Win32.Build.0 = Release|Win32
		{EFA21098-51C1-4537-83DB-3251A2DDE1B1}.Release MinDependency|x64.ActiveCfg = Release|Win32
		{EFA21098-51C1-4537-83DB-3251A2DDE1B1}.Release MinSize|Win32.ActiveCfg = Release|Win32
		{EFA21098-51C1-4537-83DB-3251A2DDE1B1}.Release MinSize|Win32.Build.0 = Release|Win32
		{EFA21098-51C1-4537-83DB-3251A2DDE1B1}.Release MinSize|x64.ActiveCfg = Release|Win32
		{EFA21098-51C1-4537-83DB-3251A2DDE1B1}.Release|Win32.ActiveCfg = Release|Win32
		{EFA21098-51C1-4537-83DB-3251A2DDE1B1}.Release|Win32.Build.0 = Release|Win32
		{EFA21098-51C1-4537-83DB-3251A2DDE1B1}.Release|x64.ActiveCfg = Release|Win32
		{EFA21098-51C1-4537-83DB-3251A2DDE1B1}.Unicode Debug|Win32.ActiveCfg = Debug|Win32
		{EFA21098-51C1-4537-83DB-3251A2DDE1B1}.Unicode Debug|Win32.Build.0 = Debug|Win32
		{EFA21098-51C1-4537-83DB-3251A2DDE1B1}.Unicode Debug|x64.ActiveCfg = Debug|Win32
		{EFA21098-51C1-4537-83DB-3251A2DDE1B1}.Unicode Release MinDependency|Win32.ActiveCfg = Release|Win32
		{EFA21098-51C1-4537-83DB-3251A2DDE1B1}.Unicode Release MinDependency|Win32.Build.0 = Release|Win32
		{EFA21098-51C1-4537-83DB-3251A2DDE1B1}.Unicode Release MinDependency|x64.ActiveCfg = Release|Win32
		{EFA21098-51C1-4537-83DB-3251A2DDE1B1}.Unicode Release MinSize|Win32.ActiveCfg = Release|Win32
		{EFA21098-51C1-4537-83DB-3251A2DDE1B1}.Unicode Release MinSize|Win32.Build.0 = Release|Win32
		{EFA21098-51C1-4537-83DB-3251A2DDE1B1}.Unicode Release MinSize|x64.ActiveCfg = Release|Win32
		{95D2529C-B05A-4150-A183-4665FD8F6C58}.Debug|Win32.ActiveCfg = Debug|Win32
		{95D2529C-B05A-4150-A183-4665FD8F6C58}.Debug|Win32.Build.0 = Debug|Win32
		{95D2529C-B05A-4150-A183-4665FD8F6C58}.Debug|x64.ActiveCfg = Debug|Win32
		{95D2529C-B05A-4150-A183-4665FD8F6C58}.Release MinDependency|Win32.ActiveCfg = Release|Win32
		{95D2529C-B05A-4150-A183-4665FD8F6C58}.Release MinDependency|Win32.Build.0 = Release|Win32
		{95D2529C-B05A-4150-A183-4665FD8F6C58}.Release MinDependency|x64.ActiveCfg = Release|Win32
		{95D2529C-B05A-4150-A183-4665FD8F6C58}.Release MinSize|Win32.ActiveCfg = Release|Win32
		{95D2529C-B05A-4150-A183-4665FD8F6C58}.Release MinSize|Win32.Build.0 = Release|Win32
		{95D2529C-B05A-4150-A183-4665FD8F6C58}.Release MinSize|x64.ActiveCfg = Release|Win32
		{95D2529C-B05A-4150-A183-4665FD8F6C58}.Release|Win32.ActiveCfg = Release|Win32
		{95D2529C-B05A-4150-A183-4665FD8F6C58}.Release|Win32.Build.0 = Release|Win32
		{95D2529C-B05A-4150-A183-4665FD8F6C58}.Release|x64.ActiveCfg = Release|Win32
		{95D2529C-B05A-4150-A183-4665FD8F6C58}.Unicode Debug|Win32.ActiveCfg = Debug|Win32
		{95D2529C-B05A-4150-A183-4665FD8F6C58}.Unicode Debug|Win32.Build.0 = Debug|Win32
		{95D2529C-B05A-4150-A183-4665FD8F6C58}.Unicode Debug|x64.ActiveCfg = Debug|Win32
		{95D2529C-B05A-4150-A183-4665FD8F6C58}.Unicode Release MinDependency|Win32.ActiveCfg = Release|Win32
		{95D2529C-B05A-4150-A183-4665FD8F6C58}.Unicode Release MinDependency|Win32.Build.0 = Release|Win32
		{95D2529C-B05A-4150-A183-4665FD8F6C58}.Unicode Release MinDependency|x64.ActiveCfg = Release|Win32
		{95D2529C-B05A-4150-A183-4665FD8F6C58}.Unicode Release MinSize|Win32.ActiveCfg = Release|Win32
		{95D2529C-B05A-4150-A183-4665FD8F6C58}.Unicode Release MinSize|Win32.Build.0 = Release|Win32
		{95D2529C-B05A-4150-A183-4665FD8F6C58}.Unicode Release MinSize|x64.ActiveCfg = Release|Win32
		{3A26A403-5AA4-4730-945B-A07C1330FC81}.Debug|Win32.ActiveCfg = Debug|Win32
		{3A26A403-5AA4-4730-945B-A07C1330FC81}.Debug|Win32.Build.0 = Debug|Win32
		{3A26A403-5AA4-4730-945B-A07C1330FC81}.Debug|x64.ActiveCfg = Debug|Win32
		{3A26A403-5AA4-4730-945B-A07C1330FC81}.Release MinDependency|Win32.ActiveCfg = Release|Win32
		{3A26A403-5AA4-4730-945B-A07C1330FC81}.Release MinDependency|Win32.Build.0 = Release|Win32
		{3A26A403-5AA4-4730-945B-A07C1330FC81}.Release MinDependency|x64.ActiveCfg = Release|Win32
		{3A26A403-5AA4-4730-945B-A07C1330FC81}.Release MinSize|Win32.ActiveCfg = Release|Win32
		{3A26A403-5AA4-4730-945B-A07C1330FC81}.Release MinSize|Win32.Build.0 = Release|Win32
		{3A26A403-5AA4-4730-945B-A07C1330FC81}.Release MinSize|x64.ActiveCfg = Release|Win32
		{3A26A403-5AA4-4730-945B-A07C1330FC81}.Release|Win32.ActiveCfg = Release|Win32
		{3A26A403-5AA4-4730-945B-A07C1330FC81}.Release|Win32.Build.0 = Release|Win32
		{3A26A403-5AA4-4730-945B-A07C1330FC81}.Release|x64.ActiveCfg = Release|Win32
		{3A26A403-5AA4-4730-945B-A07C1330FC81}.Unicode Debug|Win32.ActiveCfg = Debug|Win32
		{3A26A403-5AA4-4730-945B-A07C1330FC81}.Unicode Debug|Win32.Build.0 = Debug|Win32
		{3A26A403-5AA4-4730-945B-A07C1330FC81}.Unicode Debug|x64.ActiveCfg = Debug|Win32
		{3A26A403-5AA4-4730-945B-A07C1330FC81}.Unicode Release MinDependency|Win32.ActiveCfg = Release|Win32
		{3A26A403-5AA4-4730-945B-A07C1330FC81}.Unicode Release MinDependency|Win32.Build.0 = Release|Win32
		{3A26A403-5AA4-4730-945B-A07C1330FC81}.Unicode Release MinDependency|x64.ActiveCfg = Release|Win32
		{3A26A403-5AA4-4730-945B-A07C1330FC81}.Unicode Release MinSize|Win32.ActiveCfg = Release|Win32
		{3A26A403-5AA4-4730-945B-A07C1330FC81}.Unicode Release MinSize|Win32.Build.0 = Release|Win32
		{3A26A403-5AA4-4730-945B-A07C1330FC81}.Unicode Release MinSize|x64.ActiveCfg = Release|Win32
	EndGlobalSection
	GlobalSection(SolutionProperties) = preSolution
		HideSolutionNode = FALSE
	EndGlobalSection
EndGlobal
